
Microsoft Visual Studio Solution File, Format Version 12.00
# Visual Studio Version 17
VisualStudioVersion = 17.1.32421.90
MinimumVisualStudioVersion = 10.0.40219.1
Project("{FAE04EC0-301F-11D3-BF4B-00C04F79EFBC}") = "APIWeapon", "APIWeapon\APIWeapon.csproj", "{09F39F53-A8FA-4E65-A64F-E3CD563A2F91}"
EndProject
Global
	GlobalSection(SolutionConfigurationPlatforms) = preSolution
		Debug|Any CPU = Debug|Any CPU
		Release|Any CPU = Release|Any CPU
	EndGlobalSection
	GlobalSection(ProjectConfigurationPlatforms) = postSolution
		{09F39F53-A8FA-4E65-A64F-E3CD563A2F91}.Debug|Any CPU.ActiveCfg = Debug|Any CPU
		{09F39F53-A8FA-4E65-A64F-E3CD563A2F91}.Debug|Any CPU.Build.0 = Debug|Any CPU
		{09F39F53-A8FA-4E65-A64F-E3CD563A2F91}.Release|Any CPU.ActiveCfg = Release|Any CPU
		{09F39F53-A8FA-4E65-A64F-E3CD563A2F91}.Release|Any CPU.Build.0 = Release|Any CPU
	EndGlobalSection
	GlobalSection(SolutionProperties) = preSolution
		HideSolutionNode = FALSE
	EndGlobalSection
	GlobalSection(ExtensibilityGlobals) = postSolution
		SolutionGuid = {AF1B3573-4A38-467B-87A6-B82997D60784}
	EndGlobalSection
EndGlobal
